
Microsoft Visual Studio Solution File, Format Version 10.00
# Visual Studio 2008
Project("{F184B08F-C81C-45F6-A57F-5ABD9991F28F}") = "ConnectionDisplay", "ConnectionDisplay\ConnectionDisplay.vbproj", "{F1C1EEAD-59B7-4BBC-A3DC-22F073C0E1CD}"
EndProject
Project("{F184B08F-C81C-45F6-A57F-5ABD9991F28F}") = "ConnectionSQL", "ConnectionSQL\ConnectionSQL.vbproj", "{87D81572-2C48-40A8-BCF2-B1336E5213DE}"
EndProject
Project("{F184B08F-C81C-45F6-A57F-5ABD9991F28F}") = "ConnectionOleDb", "ConnectionOleDb\ConnectionOleDb.vbproj", "{983A003F-262A-4735-8218-63992C707F06}"
EndProject
Global
	GlobalSection(SolutionConfigurationPlatforms) = preSolution
		Debug|Any CPU = Debug|Any CPU
		Release|Any CPU = Release|Any CPU
	EndGlobalSection
	GlobalSection(ProjectConfigurationPlatforms) = postSolution
		{F1C1EEAD-59B7-4BBC-A3DC-22F073C0E1CD}.Debug|Any CPU.ActiveCfg = Debug|Any CPU
		{F1C1EEAD-59B7-4BBC-A3DC-22F073C0E1CD}.Debug|Any CPU.Build.0 = Debug|Any CPU
		{F1C1EEAD-59B7-4BBC-A3DC-22F073C0E1CD}.Release|Any CPU.ActiveCfg = Release|Any CPU
		{F1C1EEAD-59B7-4BBC-A3DC-22F073C0E1CD}.Release|Any CPU.Build.0 = Release|Any CPU
		{87D81572-2C48-40A8-BCF2-B1336E5213DE}.Debug|Any CPU.ActiveCfg = Debug|Any CPU
		{87D81572-2C48-40A8-BCF2-B1336E5213DE}.Debug|Any CPU.Build.0 = Debug|Any CPU
		{87D81572-2C48-40A8-BCF2-B1336E5213DE}.Release|Any CPU.ActiveCfg = Release|Any CPU
		{87D81572-2C48-40A8-BCF2-B1336E5213DE}.Release|Any CPU.Build.0 = Release|Any CPU
		{983A003F-262A-4735-8218-63992C707F06}.Debug|Any CPU.ActiveCfg = Debug|Any CPU
		{983A003F-262A-4735-8218-63992C707F06}.Debug|Any CPU.Build.0 = Debug|Any CPU
		{983A003F-262A-4735-8218-63992C707F06}.Release|Any CPU.ActiveCfg = Release|Any CPU
		{983A003F-262A-4735-8218-63992C707F06}.Release|Any CPU.Build.0 = Release|Any CPU
	EndGlobalSection
	GlobalSection(SolutionProperties) = preSolution
		HideSolutionNode = FALSE
	EndGlobalSection
EndGlobal
